
Microsoft Visual Studio Solution File, Format Version 12.00
# Visual Studio Version 16
VisualStudioVersion = 16.0.29509.3
MinimumVisualStudioVersion = 10.0.40219.1
Project("{9A19103F-16F7-4668-BE54-9A1E7A4F7556}") = "StrategyPattern", "StrategyPattern\StrategyPattern.csproj", "{47DF0182-514A-4771-B98E-C5EF3AF888B1}"
EndProject
Project("{9A19103F-16F7-4668-BE54-9A1E7A4F7556}") = "ObserverPattern", "ObserverPattern\ObserverPattern.csproj", "{B52B7F9D-BCF9-437B-BD02-F01B682AFF3D}"
EndProject
Project("{9A19103F-16F7-4668-BE54-9A1E7A4F7556}") = "DecoratorPattern", "DecoratorPattern\DecoratorPattern.csproj", "{F86F7307-87FA-44F4-BF9A-EB037210D5B0}"
EndProject
Global
	GlobalSection(SolutionConfigurationPlatforms) = preSolution
		Debug|Any CPU = Debug|Any CPU
		Release|Any CPU = Release|Any CPU
	EndGlobalSection
	GlobalSection(ProjectConfigurationPlatforms) = postSolution
		{47DF0182-514A-4771-B98E-C5EF3AF888B1}.Debug|Any CPU.ActiveCfg = Debug|Any CPU
		{47DF0182-514A-4771-B98E-C5EF3AF888B1}.Debug|Any CPU.Build.0 = Debug|Any CPU
		{47DF0182-514A-4771-B98E-C5EF3AF888B1}.Release|Any CPU.ActiveCfg = Release|Any CPU
		{47DF0182-514A-4771-B98E-C5EF3AF888B1}.Release|Any CPU.Build.0 = Release|Any CPU
		{B52B7F9D-BCF9-437B-BD02-F01B682AFF3D}.Debug|Any CPU.ActiveCfg = Debug|Any CPU
		{B52B7F9D-BCF9-437B-BD02-F01B682AFF3D}.Debug|Any CPU.Build.0 = Debug|Any CPU
		{B52B7F9D-BCF9-437B-BD02-F01B682AFF3D}.Release|Any CPU.ActiveCfg = Release|Any CPU
		{B52B7F9D-BCF9-437B-BD02-F01B682AFF3D}.Release|Any CPU.Build.0 = Release|Any CPU
		{F86F7307-87FA-44F4-BF9A-EB037210D5B0}.Debug|Any CPU.ActiveCfg = Debug|Any CPU
		{F86F7307-87FA-44F4-BF9A-EB037210D5B0}.Debug|Any CPU.Build.0 = Debug|Any CPU
		{F86F7307-87FA-44F4-BF9A-EB037210D5B0}.Release|Any CPU.ActiveCfg = Release|Any CPU
		{F86F7307-87FA-44F4-BF9A-EB037210D5B0}.Release|Any CPU.Build.0 = Release|Any CPU
	EndGlobalSection
	GlobalSection(SolutionProperties) = preSolution
		HideSolutionNode = FALSE
	EndGlobalSection
	GlobalSection(ExtensibilityGlobals) = postSolution
		SolutionGuid = {1F1D0144-EC13-4989-A4A7-412AD93B44FC}
	EndGlobalSection
EndGlobal
